{
  "name": "LycheeFrontEnd",
  "lockfileVersion": 2,
  "requires": true,
  "packages": {
    "": {
      "dependencies": {
        "react-messenger-chat-plugin": "^3.0.5"
      }
    },
    "node_modules/react-messenger-chat-plugin": {
      "version": "3.0.5",
      "resolved": "https://registry.npmjs.org/react-messenger-chat-plugin/-/react-messenger-chat-plugin-3.0.5.tgz",
      "integrity": "sha512-393uI68xyWLElbIYZknOb+zeb8onxIi6ZxmyhsJT76ct6yu/S2Jv7H1eKeB6BqG+vLHST3PrUlTL8gauZdoYIg=="
    }
  },
  "dependencies": {
    "react-messenger-chat-plugin": {
      "version": "3.0.5",
      "resolved": "https://registry.npmjs.org/react-messenger-chat-plugin/-/react-messenger-chat-plugin-3.0.5.tgz",
      "integrity": "sha512-393uI68xyWLElbIYZknOb+zeb8onxIi6ZxmyhsJT76ct6yu/S2Jv7H1eKeB6BqG+vLHST3PrUlTL8gauZdoYIg=="
    }
  }
}
